// !$*UTF8*$!
{
	archiveVersion = 1;
	classes = {
	};
	objectVersion = 48;
	objects = {

/* Begin PBXBuildFile section */
		1AA5B14B1FD1A33C00F27207 /* AppDelegate.swift in Sources */ = {isa = PBXBuildFile; fileRef = 1AA5B14A1FD1A33C00F27207 /* AppDelegate.swift */; };
		1AA5B14D1FD1A33C00F27207 /* ViewController.swift in Sources */ = {isa = PBXBuildFile; fileRef = 1AA5B14C1FD1A33C00F27207 /* ViewController.swift */; };
		1AA5B1501FD1A33C00F27207 /* Main.storyboard in Resources */ = {isa = PBXBuildFile; fileRef = 1AA5B14E1FD1A33C00F27207 /* Main.storyboard */; };
		1AA5B1521FD1A33C00F27207 /* Assets.xcassets in Resources */ = {isa = PBXBuildFile; fileRef = 1AA5B1511FD1A33C00F27207 /* Assets.xcassets */; };
		1AA5B1551FD1A33C00F27207 /* LaunchScreen.storyboard in Resources */ = {isa = PBXBuildFile; fileRef = 1AA5B1531FD1A33C00F27207 /* LaunchScreen.storyboard */; };
/* End PBXBuildFile section */

/* Begin PBXFileReference section */
		1AA5B1471FD1A33C00F27207 /* FastlaneDemo.app */ = {isa = PBXFileReference; explicitFileType = wrapper.application; includeInIndex = 0; path = FastlaneDemo.app; sourceTree = BUILT_PRODUCTS_DIR; };
		1AA5B14A1FD1A33C00F27207 /* AppDelegate.swift */ = {isa = PBXFileReference; lastKnownFileType = sourcecode.swift; path = AppDelegate.swift; sourceTree = "<group>"; };
		1AA5B14C1FD1A33C00F27207 /* ViewController.swift */ = {isa = PBXFileReference; lastKnownFileType = sourcecode.swift; path = ViewController.swift; sourceTree = "<group>"; };
		1AA5B14F1FD1A33C00F27207 /* Base */ = {isa = PBXFileReference; lastKnownFileType = file.storyboard; name = Base; path = Base.lproj/Main.storyboard; sourceTree = "<group>"; };
		1AA5B1511FD1A33C00F27207 /* Assets.xcassets */ = {isa = PBXFileReference; lastKnownFileType = folder.assetcatalog; path = Assets.xcassets; sourceTree = "<group>"; };
		1AA5B1541FD1A33C00F27207 /* Base */ = {isa = PBXFileReference; lastKnownFileType = file.storyboard; name = Base; path = Base.lproj/LaunchScreen.storyboard; sourceTree = "<group>"; };
		1AA5B1561FD1A33C00F27207 /* Info.plist */ = {isa = PBXFileReference; lastKnownFileType = text.plist.xml; path = Info.plist; sourceTree = "<group>"; };
/* End PBXFileReference section */

/* Begin PBXFrameworksBuildPhase section */
		1AA5B1441FD1A33C00F27207 /* Frameworks */ = {
			isa = PBXFrameworksBuildPhase;
			buildActionMask = 2147483647;
			files = (
			);
			runOnlyForDeploymentPostprocessing = 0;
		};
/* End PBXFrameworksBuildPhase section */

/* Begin PBXGroup section */
		1AA5B13E1FD1A33C00F27207 = {
			isa = PBXGroup;
			children = (
				1AA5B1491FD1A33C00F27207 /* FastlaneDemo */,
				1AA5B1481FD1A33C00F27207 /* Products */,
			);
			sourceTree = "<group>";
		};
		1AA5B1481FD1A33C00F27207 /* Products */ = {
			isa = PBXGroup;
			children = (
				1AA5B1471FD1A33C00F27207 /* FastlaneDemo.app */,
			);
			name = Products;
			sourceTree = "<group>";
		};
		1AA5B1491FD1A33C00F27207 /* FastlaneDemo */ = {
			isa = PBXGroup;
			children = (
				1AA5B14A1FD1A33C00F27207 /* AppDelegate.swift */,
				1AA5B14C1FD1A33C00F27207 /* ViewController.swift */,
				1AA5B14E1FD1A33C00F27207 /* Main.storyboard */,
				1AA5B1511FD1A33C00F27207 /* Assets.xcassets */,
				1AA5B1531FD1A33C00F27207 /* LaunchScreen.storyboard */,
				1AA5B1561FD1A33C00F27207 /* Info.plist */,
			);
			path = FastlaneDemo;
			sourceTree = "<group>";
		};
/* End PBXGroup section */

/* Begin PBXNativeTarget section */
		1AA5B1461FD1A33C00F27207 /* FastlaneDemo */ = {
			isa = PBXNativeTarget;
			buildConfigurationList = 1AA5B1591FD1A33C00F27207 /* Build configuration list for PBXNativeTarget "FastlaneDemo" */;
			buildPhases = (
				1AA5B1431FD1A33C00F27207 /* Sources */,
				1AA5B1441FD1A33C00F27207 /* Frameworks */,
				1AA5B1451FD1A33C00F27207 /* Resources */,
			);
			buildRules = (
			);
			dependencies = (
			);
			name = FastlaneDemo;
			productName = FastlaneDemo;
			productReference = 1AA5B1471FD1A33C00F27207 /* FastlaneDemo.app */;
			productType = "com.apple.product-type.application";
		};
/* End PBXNativeTarget section */

/* Begin PBXProject section */
		1AA5B13F1FD1A33C00F27207 /* Project object */ = {
			isa = PBXProject;
			attributes = {
				LastSwiftUpdateCheck = 0910;
				LastUpgradeCheck = 0910;
				ORGANIZATIONNAME = Xmartlabs;
				TargetAttributes = {
					1AA5B1461FD1A33C00F27207 = {
						CreatedOnToolsVersion = 9.1;
						ProvisioningStyle = Automatic;
					};
				};
			};
			buildConfigurationList = 1AA5B1421FD1A33C00F27207 /* Build configuration list for PBXProject "FastlaneDemo" */;
			compatibilityVersion = "Xcode 8.0";
			developmentRegion = en;
			hasScannedForEncodings = 0;
			knownRegions = (
				en,
				Base,
			);
			mainGroup = 1AA5B13E1FD1A33C00F27207;
			productRefGroup = 1AA5B1481FD1A33C00F27207 /* Products */;
			projectDirPath = "";
			projectRoot = "";
			targets = (
				1AA5B1461FD1A33C00F27207 /* FastlaneDemo */,
			);
		};
/* End PBXProject section */

/* Begin PBXResourcesBuildPhase section */
		1AA5B1451FD1A33C00F27207 /* Resources */ = {
			isa = PBXResourcesBuildPhase;
			buildActionMask = 2147483647;
			files = (
				1AA5B1551FD1A33C00F27207 /* LaunchScreen.storyboard in Resources */,
				1AA5B1521FD1A33C00F27207 /* Assets.xcassets in Resources */,
				1AA5B1501FD1A33C00F27207 /* Main.storyboard in Resources */,
			);
			runOnlyForDeploymentPostprocessing = 0;
		};
/* End PBXResourcesBuildPhase section */

/* Begin PBXSourcesBuildPhase section */
		1AA5B1431FD1A33C00F27207 /* Sources */ = {
			isa = PBXSourcesBuildPhase;
			buildActionMask = 2147483647;
			files = (
				1AA5B14D1FD1A33C00F27207 /* ViewController.swift in Sources */,
				1AA5B14B1FD1A33C00F27207 /* AppDelegate.swift in Sources */,
			);
			runOnlyForDeploymentPostprocessing = 0;
		};
/* End PBXSourcesBuildPhase section */

/* Begin PBXVariantGroup section */
		1AA5B14E1FD1A33C00F27207 /* Main.storyboard */ = {
			isa = PBXVariantGroup;
			children = (
				1AA5B14F1FD1A33C00F27207 /* Base */,
			);
			name = Main.storyboard;
			sourceTree = "<group>";
		};
		1AA5B1531FD1A33C00F27207 /* LaunchScreen.storyboard */ = {
			isa = PBXVariantGroup;
			children = (
				1AA5B1541FD1A33C00F27207 /* Base */,
			);
			name = LaunchScreen.storyboard;
			sourceTree = "<group>";
		};
/* End PBXVariantGroup section */

/* Begin XCBuildConfiguration section */
		1AA5B1571FD1A33C00F27207 /* Debug */ = {
			isa = XCBuildConfiguration;
			buildSettings = {
				ALWAYS_SEARCH_USER_PATHS = NO;
				CLANG_ANALYZER_NONNULL = YES;
				CLANG_ANALYZER_NUMBER_OBJECT_CONVERSION = YES_AGGRESSIVE;
				CLANG_CXX_LANGUAGE_STANDARD = "gnu++14";
				CLANG_CXX_LIBRARY = "libc++";
				CLANG_ENABLE_MODULES = YES;
				CLANG_ENABLE_OBJC_ARC = YES;
				CLANG_WARN_BLOCK_CAPTURE_AUTORELEASING = YES;
				CLANG_WARN_BOOL_CONVERSION = YES;
				CLANG_WARN_COMMA = YES;
				CLANG_WARN_CONSTANT_CONVERSION = YES;
				CLANG_WARN_DIRECT_OBJC_ISA_USAGE = YES_ERROR;
				CLANG_WARN_DOCUMENTATION_COMMENTS = YES;
				CLANG_WARN_EMPTY_BODY = YES;
				CLANG_WARN_ENUM_CONVERSION = YES;
				CLANG_WARN_INFINITE_RECURSION = YES;
				CLANG_WARN_INT_CONVERSION = YES;
				CLANG_WARN_NON_LITERAL_NULL_CONVERSION = YES;
				CLANG_WARN_OBJC_LITERAL_CONVERSION = YES;
				CLANG_WARN_OBJC_ROOT_CLASS = YES_ERROR;
				CLANG_WARN_RANGE_LOOP_ANALYSIS = YES;
				CLANG_WARN_STRICT_PROTOTYPES = YES;
				CLANG_WARN_SUSPICIOUS_MOVE = YES;
				CLANG_WARN_UNGUARDED_AVAILABILITY = YES_AGGRESSIVE;
				CLANG_WARN_UNREACHABLE_CODE = YES;
				CLANG_WARN__DUPLICATE_METHOD_MATCH = YES;
				CODE_SIGN_IDENTITY = "iPhone Developer";
				COPY_PHASE_STRIP = NO;
				DEBUG_INFORMATION_FORMAT = dwarf;
				ENABLE_STRICT_OBJC_MSGSEND = YES;
				ENABLE_TESTABILITY = YES;
				GCC_C_LANGUAGE_STANDARD = gnu11;
				GCC_DYNAMIC_NO_PIC = NO;
				GCC_NO_COMMON_BLOCKS = YES;
				GCC_OPTIMIZATION_LEVEL = 0;
				GCC_PREPROCESSOR_DEFINITIONS = (
					"DEBUG=1",
					"$(inherited)",
				);
				GCC_WARN_64_TO_32_BIT_CONVERSION = YES;
				GCC_WARN_ABOUT_RETURN_TYPE = YES_ERROR;
				GCC_WARN_UNDECLARED_SELECTOR = YES;
				GCC_WARN_UNINITIALIZED_AUTOS = YES_AGGRESSIVE;
				GCC_WARN_UNUSED_FUNCTION = YES;
				GCC_WARN_UNUSED_VARIABLE = YES;
				IPHONEOS_DEPLOYMENT_TARGET = 11.1;
				MTL_ENABLE_DEBUG_INFO = YES;
				ONLY_ACTIVE_ARCH = YES;
				SDKROOT = iphoneos;
				SWIFT_ACTIVE_COMPILATION_CONDITIONS = DEBUG;
				SWIFT_OPTIMIZATION_LEVEL = "-Onone";
			};
			name = Debug;
		};
		1AA5B1581FD1A33C00F27207 /* Release */ = {
			isa = XCBuildConfiguration;
			buildSettings = {
				ALWAYS_SEARCH_USER_PATHS = NO;
				CLANG_ANALYZER_NONNULL = YES;
				CLANG_ANALYZER_NUMBER_OBJECT_CONVERSION = YES_AGGRESSIVE;
				CLANG_CXX_LANGUAGE_STANDARD = "gnu++14";
				CLANG_CXX_LIBRARY = "libc++";
				CLANG_ENABLE_MODULES = YES;
				CLANG_ENABLE_OBJC_ARC = YES;
				CLANG_WARN_BLOCK_CAPTURE_AUTORELEASING = YES;
				CLANG_WARN_BOOL_CONVERSION = YES;
				CLANG_WARN_COMMA = YES;
				CLANG_WARN_CONSTANT_CONVERSION = YES;
				CLANG_WARN_DIRECT_OBJC_ISA_USAGE = YES_ERROR;
				CLANG_WARN_DOCUMENTATION_COMMENTS = YES;
				CLANG_WARN_EMPTY_BODY = YES;
				CLANG_WARN_ENUM_CONVERSION = YES;
				CLANG_WARN_INFINITE_RECURSION = YES;
				CLANG_WARN_INT_CONVERSION = YES;
				CLANG_WARN_NON_LITERAL_NULL_CONVERSION = YES;
				CLANG_WARN_OBJC_LITERAL_CONVERSION = YES;
				CLANG_WARN_OBJC_ROOT_CLASS = YES_ERROR;
				CLANG_WARN_RANGE_LOOP_ANALYSIS = YES;
				CLANG_WARN_STRICT_PROTOTYPES = YES;
				CLANG_WARN_SUSPICIOUS_MOVE = YES;
				CLANG_WARN_UNGUARDED_AVAILABILITY = YES_AGGRESSIVE;
				CLANG_WARN_UNREACHABLE_CODE = YES;
				CLANG_WARN__DUPLICATE_METHOD_MATCH = YES;
				CODE_SIGN_IDENTITY = "iPhone Developer";
				COPY_PHASE_STRIP = NO;
				DEBUG_INFORMATION_FORMAT = "dwarf-with-dsym";
				ENABLE_NS_ASSERTIONS = NO;
				ENABLE_STRICT_OBJC_MSGSEND = YES;
				GCC_C_LANGUAGE_STANDARD = gnu11;
				GCC_NO_COMMON_BLOCKS = YES;
				GCC_WARN_64_TO_32_BIT_CONVERSION = YES;
				GCC_WARN_ABOUT_RETURN_TYPE = YES_ERROR;
				GCC_WARN_UNDECLARED_SELECTOR = YES;
				GCC_WARN_UNINITIALIZED_AUTOS = YES_AGGRESSIVE;
				GCC_WARN_UNUSED_FUNCTION = YES;
				GCC_WARN_UNUSED_VARIABLE = YES;
				IPHONEOS_DEPLOYMENT_TARGET = 11.1;
				MTL_ENABLE_DEBUG_INFO = NO;
				SDKROOT = iphoneos;
				SWIFT_OPTIMIZATION_LEVEL = "-Owholemodule";
				VALIDATE_PRODUCT = YES;
			};
			name = Release;
		};
		1AA5B15A1FD1A33C00F27207 /* Debug */ = {
			isa = XCBuildConfiguration;
			buildSettings = {
				ASSETCATALOG_COMPILER_APPICON_NAME = AppIcon;
				CODE_SIGN_STYLE = Automatic;
				DEVELOPMENT_TEAM = 6F2G55XL63;
				INFOPLIST_FILE = FastlaneDemo/Info.plist;
				LD_RUNPATH_SEARCH_PATHS = "$(inherited) @executable_path/Frameworks";
				PRODUCT_BUNDLE_IDENTIFIER = com.xmartlabs.FastlaneDemo;
				PRODUCT_NAME = "$(TARGET_NAME)";
				SWIFT_VERSION = 4.0;
				TARGETED_DEVICE_FAMILY = "1,2";
			};
			name = Debug;
		};
		1AA5B15B1FD1A33C00F27207 /* Release */ = {
			isa = XCBuildConfiguration;
			buildSettings = {
				ASSETCATALOG_COMPILER_APPICON_NAME = AppIcon;
				CODE_SIGN_STYLE = Automatic;
				DEVELOPMENT_TEAM = 6F2G55XL63;
				INFOPLIST_FILE = FastlaneDemo/Info.plist;
				LD_RUNPATH_SEARCH_PATHS = "$(inherited) @executable_path/Frameworks";
				PRODUCT_BUNDLE_IDENTIFIER = com.xmartlabs.FastlaneDemo;
				PRODUCT_NAME = "$(TARGET_NAME)";
				SWIFT_VERSION = 4.0;
				TARGETED_DEVICE_FAMILY = "1,2";
			};
			name = Release;
		};
/* End XCBuildConfiguration section */

/* Begin XCConfigurationList section */
		1AA5B1421FD1A33C00F27207 /* Build configuration list for PBXProject "FastlaneDemo" */ = {
			isa = XCConfigurationList;
			buildConfigurations = (
				1AA5B1571FD1A33C00F27207 /* Debug */,
				1AA5B1581FD1A33C00F27207 /* Release */,
			);
			defaultConfigurationIsVisible = 0;
			defaultConfigurationName = Release;
		};
		1AA5B1591FD1A33C00F27207 /* Build configuration list for PBXNativeTarget "FastlaneDemo" */ = {
			isa = XCConfigurationList;
			buildConfigurations = (
				1AA5B15A1FD1A33C00F27207 /* Debug */,
				1AA5B15B1FD1A33C00F27207 /* Release */,
			);
			defaultConfigurationIsVisible = 0;
			defaultConfigurationName = Release;
		};
/* End XCConfigurationList section */
	};
	rootObject = 1AA5B13F1FD1A33C00F27207 /* Project object */;
}
